<?xml version="1.0" encoding="UTF-8"?>
<CodeBlocks_project_file>
	<FileVersion major="1" minor="6"/>
	<Project>
		<Option title="Solution"/>
		<Option makefile_is_custom="1"/>
		<Option compiler="gcc"/>
		<Option virtualFolders="CMake Files\;CMake Files\tests\;CMake Files\tests\gmock\;CMake Files\tests\gmock\gtest\;CMake Files\tests\gmock\gtest\cmake\;CMake Files\solution\;"/>
		<Build>
			<Target title="all">
				<Option working_dir="/home/bobery/development/Bober/build-Bober-Desktop-Default/solution"/>
				<Option type="4"/>
				<MakeCommands>
					<Build command="/usr/bin/make -f &quot;/home/bobery/development/Bober/build-Bober-Desktop-Default/solution/Makefile&quot;  VERBOSE=1 all"/>
					<CompileFile command="/usr/bin/make -f &quot;/home/bobery/development/Bober/build-Bober-Desktop-Default/solution/Makefile&quot;  VERBOSE=1 &quot;$file&quot;"/>
					<Clean command="/usr/bin/make -f &quot;/home/bobery/development/Bober/build-Bober-Desktop-Default/solution/Makefile&quot;  VERBOSE=1 clean"/>
					<DistClean command="/usr/bin/make -f &quot;/home/bobery/development/Bober/build-Bober-Desktop-Default/solution/Makefile&quot;  VERBOSE=1 clean"/>
				</MakeCommands>
			</Target>
			<Target title="Solution">
				<Option output="/home/bobery/development/Bober/build-Bober-Desktop-Default/solution/libSolution.a" prefix_auto="0" extension_auto="0"/>
				<Option working_dir="/home/bobery/development/Bober/build-Bober-Desktop-Default/solution"/>
				<Option object_output="./"/>
				<Option type="2"/>
				<Option compiler="gcc"/>
				<Compiler>
					<Add directory="/home/bobery/development/Bober/Bober/solution"/>
					<Add directory="/usr/include/c++/7"/>
					<Add directory="/usr/include/x86_64-linux-gnu/c++/7"/>
					<Add directory="/usr/include/c++/7/backward"/>
					<Add directory="/usr/lib/gcc/x86_64-linux-gnu/7/include"/>
					<Add directory="/usr/local/include"/>
					<Add directory="/usr/lib/gcc/x86_64-linux-gnu/7/include-fixed"/>
					<Add directory="/usr/include/x86_64-linux-gnu"/>
					<Add directory="/usr/include"/>
				</Compiler>
				<MakeCommands>
					<Build command="/usr/bin/make -f &quot;/home/bobery/development/Bober/build-Bober-Desktop-Default/solution/Makefile&quot;  VERBOSE=1 Solution"/>
					<CompileFile command="/usr/bin/make -f &quot;/home/bobery/development/Bober/build-Bober-Desktop-Default/solution/Makefile&quot;  VERBOSE=1 &quot;$file&quot;"/>
					<Clean command="/usr/bin/make -f &quot;/home/bobery/development/Bober/build-Bober-Desktop-Default/solution/Makefile&quot;  VERBOSE=1 clean"/>
					<DistClean command="/usr/bin/make -f &quot;/home/bobery/development/Bober/build-Bober-Desktop-Default/solution/Makefile&quot;  VERBOSE=1 clean"/>
				</MakeCommands>
			</Target>
			<Target title="Solution/fast">
				<Option output="/home/bobery/development/Bober/build-Bober-Desktop-Default/solution/libSolution.a" prefix_auto="0" extension_auto="0"/>
				<Option working_dir="/home/bobery/development/Bober/build-Bober-Desktop-Default/solution"/>
				<Option object_output="./"/>
				<Option type="2"/>
				<Option compiler="gcc"/>
				<Compiler>
					<Add directory="/home/bobery/development/Bober/Bober/solution"/>
					<Add directory="/usr/include/c++/7"/>
					<Add directory="/usr/include/x86_64-linux-gnu/c++/7"/>
					<Add directory="/usr/include/c++/7/backward"/>
					<Add directory="/usr/lib/gcc/x86_64-linux-gnu/7/include"/>
					<Add directory="/usr/local/include"/>
					<Add directory="/usr/lib/gcc/x86_64-linux-gnu/7/include-fixed"/>
					<Add directory="/usr/include/x86_64-linux-gnu"/>
					<Add directory="/usr/include"/>
				</Compiler>
				<MakeCommands>
					<Build command="/usr/bin/make -f &quot;/home/bobery/development/Bober/build-Bober-Desktop-Default/solution/Makefile&quot;  VERBOSE=1 Solution/fast"/>
					<CompileFile command="/usr/bin/make -f &quot;/home/bobery/development/Bober/build-Bober-Desktop-Default/solution/Makefile&quot;  VERBOSE=1 &quot;$file&quot;"/>
					<Clean command="/usr/bin/make -f &quot;/home/bobery/development/Bober/build-Bober-Desktop-Default/solution/Makefile&quot;  VERBOSE=1 clean"/>
					<DistClean command="/usr/bin/make -f &quot;/home/bobery/development/Bober/build-Bober-Desktop-Default/solution/Makefile&quot;  VERBOSE=1 clean"/>
				</MakeCommands>
			</Target>
		</Build>
		<Unit filename="/home/bobery/development/Bober/Bober/CMakeLists.txt">
			<Option virtualFolder="CMake Files\"/>
		</Unit>
		<Unit filename="/home/bobery/development/Bober/Bober/tests/CMakeLists.txt">
			<Option virtualFolder="CMake Files\tests\"/>
		</Unit>
		<Unit filename="/home/bobery/development/Bober/Bober/tests/CMakeLists.txt">
			<Option virtualFolder="CMake Files\tests\"/>
		</Unit>
		<Unit filename="/home/bobery/development/Bober/Bober/tests/gmock/CMakeLists.txt">
			<Option virtualFolder="CMake Files\tests\gmock\"/>
		</Unit>
		<Unit filename="/home/bobery/development/Bober/Bober/tests/gmock/CMakeLists.txt">
			<Option virtualFolder="CMake Files\tests\gmock\"/>
		</Unit>
		<Unit filename="/home/bobery/development/Bober/Bober/tests/gmock/CMakeLists.txt">
			<Option virtualFolder="CMake Files\tests\gmock\"/>
		</Unit>
		<Unit filename="/home/bobery/development/Bober/Bober/tests/gmock/gtest/CMakeLists.txt">
			<Option virtualFolder="CMake Files\tests\gmock\gtest\"/>
		</Unit>
		<Unit filename="/home/bobery/development/Bober/Bober/tests/gmock/gtest/CMakeLists.txt">
			<Option virtualFolder="CMake Files\tests\gmock\gtest\"/>
		</Unit>
		<Unit filename="/home/bobery/development/Bober/Bober/tests/gmock/gtest/CMakeLists.txt">
			<Option virtualFolder="CMake Files\tests\gmock\gtest\"/>
		</Unit>
		<Unit filename="/home/bobery/development/Bober/Bober/tests/gmock/gtest/CMakeLists.txt">
			<Option virtualFolder="CMake Files\tests\gmock\gtest\"/>
		</Unit>
		<Unit filename="/home/bobery/development/Bober/Bober/tests/gmock/gtest/cmake/internal_utils.cmake">
			<Option virtualFolder="CMake Files\tests\gmock\gtest\cmake\"/>
		</Unit>
		<Unit filename="/home/bobery/development/Bober/Bober/tests/gmock/gtest/cmake/internal_utils.cmake">
			<Option virtualFolder="CMake Files\tests\gmock\gtest\cmake\"/>
		</Unit>
		<Unit filename="/home/bobery/development/Bober/Bober/tests/gmock/gtest/cmake/internal_utils.cmake">
			<Option virtualFolder="CMake Files\tests\gmock\gtest\cmake\"/>
		</Unit>
		<Unit filename="/home/bobery/development/Bober/Bober/tests/gmock/gtest/cmake/internal_utils.cmake">
			<Option virtualFolder="CMake Files\tests\gmock\gtest\cmake\"/>
		</Unit>
		<Unit filename="/home/bobery/development/Bober/Bober/solution/CMakeLists.txt">
			<Option virtualFolder="CMake Files\solution\"/>
		</Unit>
		<Unit filename="/home/bobery/development/Bober/Bober/solution/CMakeLists.txt">
			<Option virtualFolder="CMake Files\solution\"/>
		</Unit>
	</Project>
</CodeBlocks_project_file>
